# This file is generated by running "yarn install" inside your project.
# Manual changes might be lost - proceed with caution!

__metadata:
  version: 6
  cacheKey: 8

"bulma-block-list@npm:^0.3":
  version: 0.3.0
  resolution: "bulma-block-list@npm:0.3.0"
  dependencies:
    bulma: ^0.8.0
  checksum: a5dc4e7cbc217d1f000ea77caa51604ad9ce2e1f5aa0de10438ebcebb7a5c53411ebfa49bf4adca13b8b2e2476556eaed549d8ca694ebd1d7ffb694ed6123540
  languageName: node
  linkType: hard

"bulma-clean-theme@workspace:.":
  version: 0.0.0-use.local
  resolution: "bulma-clean-theme@workspace:."
  dependencies:
    bulma: ^0.9.4
    bulma-block-list: ^0.3
  languageName: unknown
  linkType: soft

"bulma@npm:^0.8.0":
  version: 0.8.2
  resolution: "bulma@npm:0.8.2"
  checksum: 74c81432d1fa4a804df82d26b1b5f11103f7ac4afdf8b3cdbd0baa55f49377de392e2a460870b9affaae0133c8ded5fa3399f16f85fa1c47a82e86946c4ec3c5
  languageName: node
  linkType: hard

"bulma@npm:^0.9.4":
  version: 0.9.4
  resolution: "bulma@npm:0.9.4"
  checksum: bc0ab8c203deb0ae200fab5b38547ad4bc8ed1e3abcf6f4ac8a2229af46540419bbcb78c9d2e80f3ddda8825d64fa186ed8775674656cdcabe5544be4d0f3d85
  languageName: node
  linkType: hard
